// !$*UTF8*$!
{
	archiveVersion = 1;
	classes = {
	};
	objectVersion = 77;
	objects = {

/* Begin PBXContainerItemProxy section */
		DB0C6D022DB667D3002836DF /* PBXContainerItemProxy */ = {
			isa = PBXContainerItemProxy;
			containerPortal = DB0C6CEB2DB667D2002836DF /* Project object */;
			proxyType = 1;
			remoteGlobalIDString = DB0C6CF22DB667D2002836DF;
			remoteInfo = MerulaCompanion;
		};
		DB0C6D0C2DB667D3002836DF /* PBXContainerItemProxy */ = {
			isa = PBXContainerItemProxy;
			containerPortal = DB0C6CEB2DB667D2002836DF /* Project object */;
			proxyType = 1;
			remoteGlobalIDString = DB0C6CF22DB667D2002836DF;
			remoteInfo = MerulaCompanion;
		};
/* End PBXContainerItemProxy section */

/* Begin PBXFileReference section */
		DB0C6CF32DB667D2002836DF /* MerulaCompanion.app */ = {isa = PBXFileReference; explicitFileType = wrapper.application; includeInIndex = 0; path = MerulaCompanion.app; sourceTree = BUILT_PRODUCTS_DIR; };
		DB0C6D012DB667D3002836DF /* MerulaCompanionTests.xctest */ = {isa = PBXFileReference; explicitFileType = wrapper.cfbundle; includeInIndex = 0; path = MerulaCompanionTests.xctest; sourceTree = BUILT_PRODUCTS_DIR; };
		DB0C6D0B2DB667D3002836DF /* MerulaCompanionUITests.xctest */ = {isa = PBXFileReference; explicitFileType = wrapper.cfbundle; includeInIndex = 0; path = MerulaCompanionUITests.xctest; sourceTree = BUILT_PRODUCTS_DIR; };
/* End PBXFileReference section */

/* Begin PBXFileSystemSynchronizedRootGroup section */
		DB0C6CF52DB667D2002836DF /* MerulaCompanion */ = {
			isa = PBXFileSystemSynchronizedRootGroup;
			path = MerulaCompanion;
			sourceTree = "<group>";
		};
		DB0C6D042DB667D3002836DF /* MerulaCompanionTests */ = {
			isa = PBXFileSystemSynchronizedRootGroup;
			path = MerulaCompanionTests;
			sourceTree = "<group>";
		};
		DB0C6D0E2DB667D3002836DF /* MerulaCompanionUITests */ = {
			isa = PBXFileSystemSynchronizedRootGroup;
			path = MerulaCompanionUITests;
			sourceTree = "<group>";
		};
/* End PBXFileSystemSynchronizedRootGroup section */

/* Begin PBXFrameworksBuildPhase section */
		DB0C6CF02DB667D2002836DF /* Frameworks */ = {
			isa = PBXFrameworksBuildPhase;
			buildActionMask = 2147483647;
			files = (
			);
			runOnlyForDeploymentPostprocessing = 0;
		};
		DB0C6CFE2DB667D3002836DF /* Frameworks */ = {
			isa = PBXFrameworksBuildPhase;
			buildActionMask = 2147483647;
			files = (
			);
			runOnlyForDeploymentPostprocessing = 0;
		};
		DB0C6D082DB667D3002836DF /* Frameworks */ = {
			isa = PBXFrameworksBuildPhase;
			buildActionMask = 2147483647;
			files = (
			);
			runOnlyForDeploymentPostprocessing = 0;
		};
/* End PBXFrameworksBuildPhase section */

/* Begin PBXGroup section */
		DB0C6CEA2DB667D2002836DF = {
			isa = PBXGroup;
			children = (
				DB0C6CF52DB667D2002836DF /* MerulaCompanion */,
				DB0C6D042DB667D3002836DF /* MerulaCompanionTests */,
				DB0C6D0E2DB667D3002836DF /* MerulaCompanionUITests */,
				DB0C6CF42DB667D2002836DF /* Products */,
			);
			sourceTree = "<group>";
		};
		DB0C6CF42DB667D2002836DF /* Products */ = {
			isa = PBXGroup;
			children = (
				DB0C6CF32DB667D2002836DF /* MerulaCompanion.app */,
				DB0C6D012DB667D3002836DF /* MerulaCompanionTests.xctest */,
				DB0C6D0B2DB667D3002836DF /* MerulaCompanionUITests.xctest */,
			);
			name = Products;
			sourceTree = "<group>";
		};
/* End PBXGroup section */

/* Begin PBXNativeTarget section */
		DB0C6CF22DB667D2002836DF /* MerulaCompanion */ = {
			isa = PBXNativeTarget;
			buildConfigurationList = DB0C6D152DB667D3002836DF /* Build configuration list for PBXNativeTarget "MerulaCompanion" */;
			buildPhases = (
				DB0C6CEF2DB667D2002836DF /* Sources */,
				DB0C6CF02DB667D2002836DF /* Frameworks */,
				DB0C6CF12DB667D2002836DF /* Resources */,
			);
			buildRules = (
			);
			dependencies = (
			);
			fileSystemSynchronizedGroups = (
				DB0C6CF52DB667D2002836DF /* MerulaCompanion */,
			);
			name = MerulaCompanion;
			packageProductDependencies = (
			);
			productName = MerulaCompanion;
			productReference = DB0C6CF32DB667D2002836DF /* MerulaCompanion.app */;
			productType = "com.apple.product-type.application";
		};
		DB0C6D002DB667D3002836DF /* MerulaCompanionTests */ = {
			isa = PBXNativeTarget;
			buildConfigurationList = DB0C6D182DB667D3002836DF /* Build configuration list for PBXNativeTarget "MerulaCompanionTests" */;
			buildPhases = (
				DB0C6CFD2DB667D3002836DF /* Sources */,
				DB0C6CFE2DB667D3002836DF /* Frameworks */,
				DB0C6CFF2DB667D3002836DF /* Resources */,
			);
			buildRules = (
			);
			dependencies = (
				DB0C6D032DB667D3002836DF /* PBXTargetDependency */,
			);
			fileSystemSynchronizedGroups = (
				DB0C6D042DB667D3002836DF /* MerulaCompanionTests */,
			);
			name = MerulaCompanionTests;
			packageProductDependencies = (
			);
			productName = MerulaCompanionTests;
			productReference = DB0C6D012DB667D3002836DF /* MerulaCompanionTests.xctest */;
			productType = "com.apple.product-type.bundle.unit-test";
		};
		DB0C6D0A2DB667D3002836DF /* MerulaCompanionUITests */ = {
			isa = PBXNativeTarget;
			buildConfigurationList = DB0C6D1B2DB667D3002836DF /* Build configuration list for PBXNativeTarget "MerulaCompanionUITests" */;
			buildPhases = (
				DB0C6D072DB667D3002836DF /* Sources */,
				DB0C6D082DB667D3002836DF /* Frameworks */,
				DB0C6D092DB667D3002836DF /* Resources */,
			);
			buildRules = (
			);
			dependencies = (
				DB0C6D0D2DB667D3002836DF /* PBXTargetDependency */,
			);
			fileSystemSynchronizedGroups = (
				DB0C6D0E2DB667D3002836DF /* MerulaCompanionUITests */,
			);
			name = MerulaCompanionUITests;
			packageProductDependencies = (
			);
			productName = MerulaCompanionUITests;
			productReference = DB0C6D0B2DB667D3002836DF /* MerulaCompanionUITests.xctest */;
			productType = "com.apple.product-type.bundle.ui-testing";
		};
/* End PBXNativeTarget section */

/* Begin PBXProject section */
		DB0C6CEB2DB667D2002836DF /* Project object */ = {
			isa = PBXProject;
			attributes = {
				BuildIndependentTargetsInParallel = 1;
				LastSwiftUpdateCheck = 1630;
				LastUpgradeCheck = 1630;
				TargetAttributes = {
					DB0C6CF22DB667D2002836DF = {
						CreatedOnToolsVersion = 16.3;
					};
					DB0C6D002DB667D3002836DF = {
						CreatedOnToolsVersion = 16.3;
						TestTargetID = DB0C6CF22DB667D2002836DF;
					};
					DB0C6D0A2DB667D3002836DF = {
						CreatedOnToolsVersion = 16.3;
						TestTargetID = DB0C6CF22DB667D2002836DF;
					};
				};
			};
			buildConfigurationList = DB0C6CEE2DB667D2002836DF /* Build configuration list for PBXProject "MerulaCompanion" */;
			developmentRegion = en;
			hasScannedForEncodings = 0;
			knownRegions = (
				en,
				Base,
			);
			mainGroup = DB0C6CEA2DB667D2002836DF;
			minimizedProjectReferenceProxies = 1;
			preferredProjectObjectVersion = 77;
			productRefGroup = DB0C6CF42DB667D2002836DF /* Products */;
			projectDirPath = "";
			projectRoot = "";
			targets = (
				DB0C6CF22DB667D2002836DF /* MerulaCompanion */,
				DB0C6D002DB667D3002836DF /* MerulaCompanionTests */,
				DB0C6D0A2DB667D3002836DF /* MerulaCompanionUITests */,
			);
		};
/* End PBXProject section */

/* Begin PBXResourcesBuildPhase section */
		DB0C6CF12DB667D2002836DF /* Resources */ = {
			isa = PBXResourcesBuildPhase;
			buildActionMask = 2147483647;
			files = (
			);
			runOnlyForDeploymentPostprocessing = 0;
		};
		DB0C6CFF2DB667D3002836DF /* Resources */ = {
			isa = PBXResourcesBuildPhase;
			buildActionMask = 2147483647;
			files = (
			);
			runOnlyForDeploymentPostprocessing = 0;
		};
		DB0C6D092DB667D3002836DF /* Resources */ = {
			isa = PBXResourcesBuildPhase;
			buildActionMask = 2147483647;
			files = (
			);
			runOnlyForDeploymentPostprocessing = 0;
		};
/* End PBXResourcesBuildPhase section */

/* Begin PBXSourcesBuildPhase section */
		DB0C6CEF2DB667D2002836DF /* Sources */ = {
			isa = PBXSourcesBuildPhase;
			buildActionMask = 2147483647;
			files = (
			);
			runOnlyForDeploymentPostprocessing = 0;
		};
		DB0C6CFD2DB667D3002836DF /* Sources */ = {
			isa = PBXSourcesBuildPhase;
			buildActionMask = 2147483647;
			files = (
			);
			runOnlyForDeploymentPostprocessing = 0;
		};
		DB0C6D072DB667D3002836DF /* Sources */ = {
			isa = PBXSourcesBuildPhase;
			buildActionMask = 2147483647;
			files = (
			);
			runOnlyForDeploymentPostprocessing = 0;
		};
/* End PBXSourcesBuildPhase section */

/* Begin PBXTargetDependency section */
		DB0C6D032DB667D3002836DF /* PBXTargetDependency */ = {
			isa = PBXTargetDependency;
			target = DB0C6CF22DB667D2002836DF /* MerulaCompanion */;
			targetProxy = DB0C6D022DB667D3002836DF /* PBXContainerItemProxy */;
		};
		DB0C6D0D2DB667D3002836DF /* PBXTargetDependency */ = {
			isa = PBXTargetDependency;
			target = DB0C6CF22DB667D2002836DF /* MerulaCompanion */;
			targetProxy = DB0C6D0C2DB667D3002836DF /* PBXContainerItemProxy */;
		};
/* End PBXTargetDependency section */

/* Begin XCBuildConfiguration section */
		DB0C6D132DB667D3002836DF /* Debug */ = {
			isa = XCBuildConfiguration;
			buildSettings = {
				ALWAYS_SEARCH_USER_PATHS = NO;
				ASSETCATALOG_COMPILER_GENERATE_SWIFT_ASSET_SYMBOL_EXTENSIONS = YES;
				CLANG_ANALYZER_NONNULL = YES;
				CLANG_ANALYZER_NUMBER_OBJECT_CONVERSION = YES_AGGRESSIVE;
				CLANG_CXX_LANGUAGE_STANDARD = "gnu++20";
				CLANG_ENABLE_MODULES = YES;
				CLANG_ENABLE_OBJC_ARC = YES;
				CLANG_ENABLE_OBJC_WEAK = YES;
				CLANG_WARN_BLOCK_CAPTURE_AUTORELEASING = YES;
				CLANG_WARN_BOOL_CONVERSION = YES;
				CLANG_WARN_COMMA = YES;
				CLANG_WARN_CONSTANT_CONVERSION = YES;
				CLANG_WARN_DEPRECATED_OBJC_IMPLEMENTATIONS = YES;
				CLANG_WARN_DIRECT_OBJC_ISA_USAGE = YES_ERROR;
				CLANG_WARN_DOCUMENTATION_COMMENTS = YES;
				CLANG_WARN_EMPTY_BODY = YES;
				CLANG_WARN_ENUM_CONVERSION = YES;
				CLANG_WARN_INFINITE_RECURSION = YES;
				CLANG_WARN_INT_CONVERSION = YES;
				CLANG_WARN_NON_LITERAL_NULL_CONVERSION = YES;
				CLANG_WARN_OBJC_IMPLICIT_RETAIN_SELF = YES;
				CLANG_WARN_OBJC_LITERAL_CONVERSION = YES;
				CLANG_WARN_OBJC_ROOT_CLASS = YES_ERROR;
				CLANG_WARN_QUOTED_INCLUDE_IN_FRAMEWORK_HEADER = YES;
				CLANG_WARN_RANGE_LOOP_ANALYSIS = YES;
				CLANG_WARN_STRICT_PROTOTYPES = YES;
				CLANG_WARN_SUSPICIOUS_MOVE = YES;
				CLANG_WARN_UNGUARDED_AVAILABILITY = YES_AGGRESSIVE;
				CLANG_WARN_UNREACHABLE_CODE = YES;
				CLANG_WARN__DUPLICATE_METHOD_MATCH = YES;
				COPY_PHASE_STRIP = NO;
				DEBUG_INFORMATION_FORMAT = dwarf;
				DEVELOPMENT_TEAM = J58PRAMLMX;
				ENABLE_STRICT_OBJC_MSGSEND = YES;
				ENABLE_TESTABILITY = YES;
				ENABLE_USER_SCRIPT_SANDBOXING = YES;
				GCC_C_LANGUAGE_STANDARD = gnu17;
				GCC_DYNAMIC_NO_PIC = NO;
				GCC_NO_COMMON_BLOCKS = YES;
				GCC_OPTIMIZATION_LEVEL = 0;
				GCC_PREPROCESSOR_DEFINITIONS = (
					"DEBUG=1",
					"$(inherited)",
				);
				GCC_WARN_64_TO_32_BIT_CONVERSION = YES;
				GCC_WARN_ABOUT_RETURN_TYPE = YES_ERROR;
				GCC_WARN_UNDECLARED_SELECTOR = YES;
				GCC_WARN_UNINITIALIZED_AUTOS = YES_AGGRESSIVE;
				GCC_WARN_UNUSED_FUNCTION = YES;
				GCC_WARN_UNUSED_VARIABLE = YES;
				LOCALIZATION_PREFERS_STRING_CATALOGS = YES;
				MACOSX_DEPLOYMENT_TARGET = 15.4;
				MTL_ENABLE_DEBUG_INFO = INCLUDE_SOURCE;
				MTL_FAST_MATH = YES;
				ONLY_ACTIVE_ARCH = YES;
				SDKROOT = macosx;
				SWIFT_ACTIVE_COMPILATION_CONDITIONS = "DEBUG $(inherited)";
				SWIFT_OPTIMIZATION_LEVEL = "-Onone";
			};
			name = Debug;
		};
		DB0C6D142DB667D3002836DF /* Release */ = {
			isa = XCBuildConfiguration;
			buildSettings = {
				ALWAYS_SEARCH_USER_PATHS = NO;
				ASSETCATALOG_COMPILER_GENERATE_SWIFT_ASSET_SYMBOL_EXTENSIONS = YES;
				CLANG_ANALYZER_NONNULL = YES;
				CLANG_ANALYZER_NUMBER_OBJECT_CONVERSION = YES_AGGRESSIVE;
				CLANG_CXX_LANGUAGE_STANDARD = "gnu++20";
				CLANG_ENABLE_MODULES = YES;
				CLANG_ENABLE_OBJC_ARC = YES;
				CLANG_ENABLE_OBJC_WEAK = YES;
				CLANG_WARN_BLOCK_CAPTURE_AUTORELEASING = YES;
				CLANG_WARN_BOOL_CONVERSION = YES;
				CLANG_WARN_COMMA = YES;
				CLANG_WARN_CONSTANT_CONVERSION = YES;
				CLANG_WARN_DEPRECATED_OBJC_IMPLEMENTATIONS = YES;
				CLANG_WARN_DIRECT_OBJC_ISA_USAGE = YES_ERROR;
				CLANG_WARN_DOCUMENTATION_COMMENTS = YES;
				CLANG_WARN_EMPTY_BODY = YES;
				CLANG_WARN_ENUM_CONVERSION = YES;
				CLANG_WARN_INFINITE_RECURSION = YES;
				CLANG_WARN_INT_CONVERSION = YES;
				CLANG_WARN_NON_LITERAL_NULL_CONVERSION = YES;
				CLANG_WARN_OBJC_IMPLICIT_RETAIN_SELF = YES;
				CLANG_WARN_OBJC_LITERAL_CONVERSION = YES;
				CLANG_WARN_OBJC_ROOT_CLASS = YES_ERROR;
				CLANG_WARN_QUOTED_INCLUDE_IN_FRAMEWORK_HEADER = YES;
				CLANG_WARN_RANGE_LOOP_ANALYSIS = YES;
				CLANG_WARN_STRICT_PROTOTYPES = YES;
				CLANG_WARN_SUSPICIOUS_MOVE = YES;
				CLANG_WARN_UNGUARDED_AVAILABILITY = YES_AGGRESSIVE;
				CLANG_WARN_UNREACHABLE_CODE = YES;
				CLANG_WARN__DUPLICATE_METHOD_MATCH = YES;
				COPY_PHASE_STRIP = NO;
				DEBUG_INFORMATION_FORMAT = "dwarf-with-dsym";
				DEVELOPMENT_TEAM = J58PRAMLMX;
				ENABLE_NS_ASSERTIONS = NO;
				ENABLE_STRICT_OBJC_MSGSEND = YES;
				ENABLE_USER_SCRIPT_SANDBOXING = YES;
				GCC_C_LANGUAGE_STANDARD = gnu17;
				GCC_NO_COMMON_BLOCKS = YES;
				GCC_WARN_64_TO_32_BIT_CONVERSION = YES;
				GCC_WARN_ABOUT_RETURN_TYPE = YES_ERROR;
				GCC_WARN_UNDECLARED_SELECTOR = YES;
				GCC_WARN_UNINITIALIZED_AUTOS = YES_AGGRESSIVE;
				GCC_WARN_UNUSED_FUNCTION = YES;
				GCC_WARN_UNUSED_VARIABLE = YES;
				LOCALIZATION_PREFERS_STRING_CATALOGS = YES;
				MACOSX_DEPLOYMENT_TARGET = 15.4;
				MTL_ENABLE_DEBUG_INFO = NO;
				MTL_FAST_MATH = YES;
				SDKROOT = macosx;
				SWIFT_COMPILATION_MODE = wholemodule;
			};
			name = Release;
		};
		DB0C6D162DB667D3002836DF /* Debug */ = {
			isa = XCBuildConfiguration;
			buildSettings = {
				ASSETCATALOG_COMPILER_APPICON_NAME = AppIcon;
				ASSETCATALOG_COMPILER_GLOBAL_ACCENT_COLOR_NAME = AccentColor;
				CODE_SIGN_ENTITLEMENTS = MerulaCompanion/MerulaCompanion.entitlements;
				CODE_SIGN_STYLE = Automatic;
				COMBINE_HIDPI_IMAGES = YES;
				CURRENT_PROJECT_VERSION = 1;
				DEVELOPMENT_TEAM = J58PRAMLMX;
				ENABLE_HARDENED_RUNTIME = YES;
				ENABLE_PREVIEWS = YES;
				GENERATE_INFOPLIST_FILE = YES;
				INFOPLIST_KEY_NSHumanReadableCopyright = "";
				LD_RUNPATH_SEARCH_PATHS = (
					"$(inherited)",
					"@executable_path/../Frameworks",
				);
				MARKETING_VERSION = 1.0;
				PRODUCT_BUNDLE_IDENTIFIER = com.lukas.MerulaCompanion;
				PRODUCT_NAME = "$(TARGET_NAME)";
				REGISTER_APP_GROUPS = YES;
				SWIFT_EMIT_LOC_STRINGS = YES;
				SWIFT_VERSION = 5.0;
			};
			name = Debug;
		};
		DB0C6D172DB667D3002836DF /* Release */ = {
			isa = XCBuildConfiguration;
			buildSettings = {
				ASSETCATALOG_COMPILER_APPICON_NAME = AppIcon;
				ASSETCATALOG_COMPILER_GLOBAL_ACCENT_COLOR_NAME = AccentColor;
				CODE_SIGN_ENTITLEMENTS = MerulaCompanion/MerulaCompanion.entitlements;
				CODE_SIGN_STYLE = Automatic;
				COMBINE_HIDPI_IMAGES = YES;
				CURRENT_PROJECT_VERSION = 1;
				DEVELOPMENT_TEAM = J58PRAMLMX;
				ENABLE_HARDENED_RUNTIME = YES;
				ENABLE_PREVIEWS = YES;
				GENERATE_INFOPLIST_FILE = YES;
				INFOPLIST_KEY_NSHumanReadableCopyright = "";
				LD_RUNPATH_SEARCH_PATHS = (
					"$(inherited)",
					"@executable_path/../Frameworks",
				);
				MARKETING_VERSION = 1.0;
				PRODUCT_BUNDLE_IDENTIFIER = com.lukas.MerulaCompanion;
				PRODUCT_NAME = "$(TARGET_NAME)";
				REGISTER_APP_GROUPS = YES;
				SWIFT_EMIT_LOC_STRINGS = YES;
				SWIFT_VERSION = 5.0;
			};
			name = Release;
		};
		DB0C6D192DB667D3002836DF /* Debug */ = {
			isa = XCBuildConfiguration;
			buildSettings = {
				BUNDLE_LOADER = "$(TEST_HOST)";
				CODE_SIGN_STYLE = Automatic;
				CURRENT_PROJECT_VERSION = 1;
				DEVELOPMENT_TEAM = J58PRAMLMX;
				GENERATE_INFOPLIST_FILE = YES;
				MACOSX_DEPLOYMENT_TARGET = 15.4;
				MARKETING_VERSION = 1.0;
				PRODUCT_BUNDLE_IDENTIFIER = com.lukas.MerulaCompanionTests;
				PRODUCT_NAME = "$(TARGET_NAME)";
				SWIFT_EMIT_LOC_STRINGS = NO;
				SWIFT_VERSION = 5.0;
				TEST_HOST = "$(BUILT_PRODUCTS_DIR)/MerulaCompanion.app/$(BUNDLE_EXECUTABLE_FOLDER_PATH)/MerulaCompanion";
			};
			name = Debug;
		};
		DB0C6D1A2DB667D3002836DF /* Release */ = {
			isa = XCBuildConfiguration;
			buildSettings = {
				BUNDLE_LOADER = "$(TEST_HOST)";
				CODE_SIGN_STYLE = Automatic;
				CURRENT_PROJECT_VERSION = 1;
				DEVELOPMENT_TEAM = J58PRAMLMX;
				GENERATE_INFOPLIST_FILE = YES;
				MACOSX_DEPLOYMENT_TARGET = 15.4;
				MARKETING_VERSION = 1.0;
				PRODUCT_BUNDLE_IDENTIFIER = com.lukas.MerulaCompanionTests;
				PRODUCT_NAME = "$(TARGET_NAME)";
				SWIFT_EMIT_LOC_STRINGS = NO;
				SWIFT_VERSION = 5.0;
				TEST_HOST = "$(BUILT_PRODUCTS_DIR)/MerulaCompanion.app/$(BUNDLE_EXECUTABLE_FOLDER_PATH)/MerulaCompanion";
			};
			name = Release;
		};
		DB0C6D1C2DB667D3002836DF /* Debug */ = {
			isa = XCBuildConfiguration;
			buildSettings = {
				CODE_SIGN_STYLE = Automatic;
				CURRENT_PROJECT_VERSION = 1;
				DEVELOPMENT_TEAM = J58PRAMLMX;
				GENERATE_INFOPLIST_FILE = YES;
				MARKETING_VERSION = 1.0;
				PRODUCT_BUNDLE_IDENTIFIER = com.lukas.MerulaCompanionUITests;
				PRODUCT_NAME = "$(TARGET_NAME)";
				SWIFT_EMIT_LOC_STRINGS = NO;
				SWIFT_VERSION = 5.0;
				TEST_TARGET_NAME = MerulaCompanion;
			};
			name = Debug;
		};
		DB0C6D1D2DB667D3002836DF /* Release */ = {
			isa = XCBuildConfiguration;
			buildSettings = {
				CODE_SIGN_STYLE = Automatic;
				CURRENT_PROJECT_VERSION = 1;
				DEVELOPMENT_TEAM = J58PRAMLMX;
				GENERATE_INFOPLIST_FILE = YES;
				MARKETING_VERSION = 1.0;
				PRODUCT_BUNDLE_IDENTIFIER = com.lukas.MerulaCompanionUITests;
				PRODUCT_NAME = "$(TARGET_NAME)";
				SWIFT_EMIT_LOC_STRINGS = NO;
				SWIFT_VERSION = 5.0;
				TEST_TARGET_NAME = MerulaCompanion;
			};
			name = Release;
		};
/* End XCBuildConfiguration section */

/* Begin XCConfigurationList section */
		DB0C6CEE2DB667D2002836DF /* Build configuration list for PBXProject "MerulaCompanion" */ = {
			isa = XCConfigurationList;
			buildConfigurations = (
				DB0C6D132DB667D3002836DF /* Debug */,
				DB0C6D142DB667D3002836DF /* Release */,
			);
			defaultConfigurationIsVisible = 0;
			defaultConfigurationName = Release;
		};
		DB0C6D152DB667D3002836DF /* Build configuration list for PBXNativeTarget "MerulaCompanion" */ = {
			isa = XCConfigurationList;
			buildConfigurations = (
				DB0C6D162DB667D3002836DF /* Debug */,
				DB0C6D172DB667D3002836DF /* Release */,
			);
			defaultConfigurationIsVisible = 0;
			defaultConfigurationName = Release;
		};
		DB0C6D182DB667D3002836DF /* Build configuration list for PBXNativeTarget "MerulaCompanionTests" */ = {
			isa = XCConfigurationList;
			buildConfigurations = (
				DB0C6D192DB667D3002836DF /* Debug */,
				DB0C6D1A2DB667D3002836DF /* Release */,
			);
			defaultConfigurationIsVisible = 0;
			defaultConfigurationName = Release;
		};
		DB0C6D1B2DB667D3002836DF /* Build configuration list for PBXNativeTarget "MerulaCompanionUITests" */ = {
			isa = XCConfigurationList;
			buildConfigurations = (
				DB0C6D1C2DB667D3002836DF /* Debug */,
				DB0C6D1D2DB667D3002836DF /* Release */,
			);
			defaultConfigurationIsVisible = 0;
			defaultConfigurationName = Release;
		};
/* End XCConfigurationList section */
	};
	rootObject = DB0C6CEB2DB667D2002836DF /* Project object */;
}
